<Solution>
  <Folder Name="/Presentation/">
    <Project Path="API/API.csproj" />
    <Project Path="Client/Client.csproj" Id="53cc221d-e99a-4e67-b00f-81d651d2598f" />
  </Folder>
  <Project Path="Application/Application.csproj" />
  <Project Path="Domain/Domain.csproj" />
  <Project Path="Infrastructure/Infrastructure.csproj" />
</Solution>
